PODS:
  - Alamofire (4.7.3)
  - iADSB (0.1.0):
    - Alamofire (~> 4.7)
    - ObjectiveWMM
  - Nimble (7.3.1)
  - ObjectiveWMM (0.1.0)
  - Quick (1.3.2)

DEPENDENCIES:
  - iADSB (from `../`)
  - Nimble (~> 7.3.1)
  - "ObjectiveWMM (from `git@github.com:ckhsponge/ObjectiveWMM.git`, branch `ckhsponge/cocoapod`)"
  - Quick (~> 1.3.2)

SPEC REPOS:
  https://github.com/cocoapods/specs.git:
    - Alamofire
    - Nimble
    - Quick

EXTERNAL SOURCES:
  iADSB:
    :path: "../"
  ObjectiveWMM:
    :branch: ckhsponge/cocoapod
    :git: "git@github.com:ckhsponge/ObjectiveWMM.git"

CHECKOUT OPTIONS:
  ObjectiveWMM:
    :commit: a521d92ee05d9c8b77feac817bcee6d972c85fb2
    :git: "git@github.com:ckhsponge/ObjectiveWMM.git"

SPEC CHECKSUMS:
  Alamofire: c7287b6e5d7da964a70935e5db17046b7fde6568
  iADSB: 3f4b7d64776673959879270e77d738e0ea760e08
  Nimble: 04f732da099ea4d153122aec8c2a88fd0c7219ae
  ObjectiveWMM: 6af7051ce3d4ae41aa40067a975341dabfd0b515
  Quick: 2623cb30d7a7f41ca62f684f679586558f483d46

PODFILE CHECKSUM: a9e32087e7974371e758ffb958837a4ffb0bc883

COCOAPODS: 1.5.3
